{
  "version": 4,
  "terraform_version": "1.5.7",
  "serial": 159,
  "lineage": "3bc70144-53dd-970c-b9df-364109c0c3b0",
  "outputs": {
    "api_key": {
      "value": "g1nJ2Nw9KB6LD6vlwqcPv2Dti555DjJK7LRNx0o6",
      "type": "string",
      "sensitive": true
    },
    "api_url": {
      "value": "https://0pjr6fzik8.execute-api.eu-north-1.amazonaws.com/dev",
      "type": "string"
    },
    "lambda_function_name": {
      "value": "ledger-processor-dev",
      "type": "string"
    },
    "rds_database_name": {
      "value": "ledgerdb",
      "type": "string"
    },
    "rds_endpoint": {
      "value": "ledger-db-dev.c1eyowm2m5kd.eu-north-1.rds.amazonaws.com",
      "type": "string"
    },
    "rds_port": {
      "value": 5432,
      "type": "number"
    },
    "sqs_dlq_url": {
      "value": "https://sqs.eu-north-1.amazonaws.com/356021292573/ledger-dlq-dev",
      "type": "string"
    },
    "sqs_queue_url": {
      "value": "https://sqs.eu-north-1.amazonaws.com/356021292573/ledger-queue-dev",
      "type": "string"
    },
    "vpc_id": {
      "value": "vpc-0de0d8266cbc3ee6e",
      "type": "string"
    }
  },
  "resources": [
    {
      "mode": "data",
      "type": "aws_availability_zones",
      "name": "available",
      "provider": "provider[\"registry.terraform.io/hashicorp/aws\"]",
      "instances": [
        {
          "schema_version": 0,
          "attributes": {
            "all_availability_zones": null,
            "exclude_names": null,
            "exclude_zone_ids": null,
            "filter": null,
            "group_names": [
              "eu-north-1-zg-1"
            ],
            "id": "eu-north-1",
            "names": [
              "eu-north-1a",
              "eu-north-1b",
              "eu-north-1c"
            ],
            "state": "available",
            "timeouts": null,
            "zone_ids": [
              "eun1-az1",
              "eun1-az2",
              "eun1-az3"
            ]
          },
          "sensitive_attributes": []
        }
      ]
    },
    {
      "mode": "managed",
      "type": "aws_api_gateway_api_key",
      "name": "api_key",
      "provider": "provider[\"registry.terraform.io/hashicorp/aws\"]",
      "instances": [
        {
          "schema_version": 0,
          "attributes": {
            "arn": "arn:aws:apigateway:eu-north-1::/apikeys/eyvdiypy2k",
            "created_date": "2025-03-19T11:29:41Z",
            "description": "API Key for ledger",
            "enabled": true,
            "id": "eyvdiypy2k",
            "last_updated_date": "2025-03-19T11:29:41Z",
            "name": "ledger-api-key-dev",
            "tags": {},
            "tags_all": {},
            "value": "g1nJ2Nw9KB6LD6vlwqcPv2Dti555DjJK7LRNx0o6"
          },
          "sensitive_attributes": [],
          "private": "bnVsbA=="
        }
      ]
    },
    {
      "mode": "managed",
      "type": "aws_api_gateway_deployment",
      "name": "api_deployment",
      "provider": "provider[\"registry.terraform.io/hashicorp/aws\"]",
      "instances": [
        {
          "schema_version": 0,
          "attributes": {
            "created_date": "2025-03-19T17:02:51Z",
            "description": "",
            "execution_arn": "arn:aws:execute-api:eu-north-1:356021292573:0pjr6fzik8/",
            "id": "qhqp4j",
            "invoke_url": "https://0pjr6fzik8.execute-api.eu-north-1.amazonaws.com/",
            "rest_api_id": "0pjr6fzik8",
            "stage_description": null,
            "stage_name": null,
            "triggers": {
              "redeployment": "4fd86c29f76338c5f3ff770127f5d161a4229077"
            },
            "variables": null
          },
          "sensitive_attributes": [],
          "private": "bnVsbA==",
          "dependencies": [
            "aws_api_gateway_authorizer.jwt_authorizer",
            "aws_api_gateway_integration.add_user_sqs_integration",
            "aws_api_gateway_integration.get_credit_lambda_integration",
            "aws_api_gateway_integration.get_user_lambda_integration",
            "aws_api_gateway_integration.login_lambda_integration",
            "aws_api_gateway_integration.register_lambda_integration",
            "aws_api_gateway_integration.root_integration",
            "aws_api_gateway_method.add_user_post",
            "aws_api_gateway_method.get_credit_get",
            "aws_api_gateway_method.get_user_get",
            "aws_api_gateway_method.login_post",
            "aws_api_gateway_method.register_post",
            "aws_api_gateway_method.root_method",
            "aws_api_gateway_resource.add_user",
            "aws_api_gateway_resource.get_credit",
            "aws_api_gateway_resource.get_user",
            "aws_api_gateway_resource.login",
            "aws_api_gateway_resource.register",
            "aws_api_gateway_resource.users",
            "aws_api_gateway_rest_api.ledger_api",
            "aws_cloudwatch_log_group.lambda_logs",
            "aws_db_instance.ledger_db",
            "aws_db_subnet_group.default",
            "aws_iam_policy.lambda_policy",
            "aws_iam_role.api_gateway_sqs",
            "aws_iam_role.lambda_role",
            "aws_iam_role_policy_attachment.lambda_policy_attach",
            "aws_lambda_function.jwt_authorizer",
            "aws_lambda_function.ledger_processor",
            "aws_security_group.db_sg",
            "aws_security_group.lambda_sg",
            "aws_sqs_queue.dlq",
            "aws_sqs_queue.ledger_queue",
            "aws_subnet.private",
            "aws_vpc.main",
            "data.aws_availability_zones.available"
          ],
          "create_before_destroy": true
        }
      ]
    },
    {
      "mode": "managed",
      "type": "aws_api_gateway_integration",
      "name": "add_user_sqs_integration",
      "provider": "provider[\"registry.terraform.io/hashicorp/aws\"]",
      "instances": [
        {
          "schema_version": 0,
          "attributes": {
            "cache_key_parameters": [],
            "cache_namespace": "ywrqc5",
            "connection_id": "",
            "connection_type": "INTERNET",
            "content_handling": "",
            "credentials": "arn:aws:iam::356021292573:role/ledger-api-gateway-sqs-role-dev",
            "http_method": "POST",
            "id": "agi-0pjr6fzik8-ywrqc5-POST",
            "integration_http_method": "POST",
            "passthrough_behavior": "WHEN_NO_MATCH",
            "request_parameters": {
              "integration.request.header.Content-Type": "'application/x-www-form-urlencoded'"
            },
            "request_templates": {
              "application/json": "Action=SendMessage\n\u0026MessageBody=$util.urlEncode(\"{\\\"path\\\": \\\"/users/add-user\\\", \\\"httpMethod\\\": \\\"POST\\\", \\\"body\\\": $input.json('$'), \\\"headers\\\": {#foreach($header in $input.params().header.keySet())\\\"$header\\\": \\\"$util.escapeJavaScript($input.params().header.get($header))\\\"#if($foreach.hasNext),#end#end}}\")\n"
            },
            "resource_id": "ywrqc5",
            "rest_api_id": "0pjr6fzik8",
            "timeout_milliseconds": 29000,
            "tls_config": [],
            "type": "AWS",
            "uri": "arn:aws:apigateway:eu-north-1:sqs:path/ledger-queue-dev"
          },
          "sensitive_attributes": [],
          "private": "bnVsbA==",
          "dependencies": [
            "aws_api_gateway_method.add_user_post",
            "aws_api_gateway_resource.add_user",
            "aws_api_gateway_resource.users",
            "aws_api_gateway_rest_api.ledger_api",
            "aws_iam_role.api_gateway_sqs",
            "aws_sqs_queue.dlq",
            "aws_sqs_queue.ledger_queue"
          ],
          "create_before_destroy": true
        }
      ]
    },
    {
      "mode": "managed",
      "type": "aws_api_gateway_integration",
      "name": "get_credit_lambda_integration",
      "provider": "provider[\"registry.terraform.io/hashicorp/aws\"]",
      "instances": [
        {
          "schema_version": 0,
          "attributes": {
            "cache_key_parameters": [],
            "cache_namespace": "e854ka",
            "connection_id": "",
            "connection_type": "INTERNET",
            "content_handling": "",
            "credentials": "",
            "http_method": "GET",
            "id": "agi-0pjr6fzik8-e854ka-GET",
            "integration_http_method": "POST",
            "passthrough_behavior": "WHEN_NO_MATCH",
            "request_parameters": {
              "integration.request.header.Authorization": "method.request.header.Authorization"
            },
            "request_templates": {},
            "resource_id": "e854ka",
            "rest_api_id": "0pjr6fzik8",
            "timeout_milliseconds": 29000,
            "tls_config": [],
            "type": "AWS_PROXY",
            "uri": "arn:aws:apigateway:eu-north-1:lambda:path/2015-03-31/functions/arn:aws:lambda:eu-north-1:356021292573:function:ledger-processor-dev/invocations"
          },
          "sensitive_attributes": [],
          "private": "bnVsbA==",
          "dependencies": [
            "aws_api_gateway_authorizer.jwt_authorizer",
            "aws_api_gateway_method.get_credit_get",
            "aws_api_gateway_resource.get_credit",
            "aws_api_gateway_resource.users",
            "aws_api_gateway_rest_api.ledger_api",
            "aws_cloudwatch_log_group.lambda_logs",
            "aws_db_instance.ledger_db",
            "aws_db_subnet_group.default",
            "aws_iam_policy.lambda_policy",
            "aws_iam_role.api_gateway_sqs",
            "aws_iam_role.lambda_role",
            "aws_iam_role_policy_attachment.lambda_policy_attach",
            "aws_lambda_function.jwt_authorizer",
            "aws_lambda_function.ledger_processor",
            "aws_security_group.db_sg",
            "aws_security_group.lambda_sg",
            "aws_sqs_queue.dlq",
            "aws_sqs_queue.ledger_queue",
            "aws_subnet.private",
            "aws_vpc.main",
            "data.aws_availability_zones.available"
          ],
          "create_before_destroy": true
        }
      ]
    },
    {
      "mode": "managed",
      "type": "aws_api_gateway_integration",
      "name": "get_user_lambda_integration",
      "provider": "provider[\"registry.terraform.io/hashicorp/aws\"]",
      "instances": [
        {
          "schema_version": 0,
          "attributes": {
            "cache_key_parameters": [],
            "cache_namespace": "2pgk97",
            "connection_id": "",
            "connection_type": "INTERNET",
            "content_handling": "",
            "credentials": "",
            "http_method": "GET",
            "id": "agi-0pjr6fzik8-2pgk97-GET",
            "integration_http_method": "POST",
            "passthrough_behavior": "WHEN_NO_MATCH",
            "request_parameters": {
              "integration.request.header.Authorization": "method.request.header.Authorization"
            },
            "request_templates": {},
            "resource_id": "2pgk97",
            "rest_api_id": "0pjr6fzik8",
            "timeout_milliseconds": 29000,
            "tls_config": [],
            "type": "AWS_PROXY",
            "uri": "arn:aws:apigateway:eu-north-1:lambda:path/2015-03-31/functions/arn:aws:lambda:eu-north-1:356021292573:function:ledger-processor-dev/invocations"
          },
          "sensitive_attributes": [],
          "private": "bnVsbA==",
          "dependencies": [
            "aws_api_gateway_authorizer.jwt_authorizer",
            "aws_api_gateway_method.get_user_get",
            "aws_api_gateway_resource.get_user",
            "aws_api_gateway_resource.users",
            "aws_api_gateway_rest_api.ledger_api",
            "aws_cloudwatch_log_group.lambda_logs",
            "aws_db_instance.ledger_db",
            "aws_db_subnet_group.default",
            "aws_iam_policy.lambda_policy",
            "aws_iam_role.api_gateway_sqs",
            "aws_iam_role.lambda_role",
            "aws_iam_role_policy_attachment.lambda_policy_attach",
            "aws_lambda_function.jwt_authorizer",
            "aws_lambda_function.ledger_processor",
            "aws_security_group.db_sg",
            "aws_security_group.lambda_sg",
            "aws_sqs_queue.dlq",
            "aws_sqs_queue.ledger_queue",
            "aws_subnet.private",
            "aws_vpc.main",
            "data.aws_availability_zones.available"
          ],
          "create_before_destroy": true
        }
      ]
    },
    {
      "mode": "managed",
      "type": "aws_api_gateway_integration",
      "name": "login_lambda_integration",
      "provider": "provider[\"registry.terraform.io/hashicorp/aws\"]",
      "instances": [
        {
          "schema_version": 0,
          "attributes": {
            "cache_key_parameters": [],
            "cache_namespace": "oatv7p",
            "connection_id": "",
            "connection_type": "INTERNET",
            "content_handling": "",
            "credentials": "",
            "http_method": "POST",
            "id": "agi-0pjr6fzik8-oatv7p-POST",
            "integration_http_method": "POST",
            "passthrough_behavior": "WHEN_NO_MATCH",
            "request_parameters": {},
            "request_templates": {},
            "resource_id": "oatv7p",
            "rest_api_id": "0pjr6fzik8",
            "timeout_milliseconds": 29000,
            "tls_config": [],
            "type": "AWS_PROXY",
            "uri": "arn:aws:apigateway:eu-north-1:lambda:path/2015-03-31/functions/arn:aws:lambda:eu-north-1:356021292573:function:ledger-processor-dev/invocations"
          },
          "sensitive_attributes": [],
          "private": "bnVsbA==",
          "dependencies": [
            "aws_api_gateway_method.login_post",
            "aws_api_gateway_resource.login",
            "aws_api_gateway_rest_api.ledger_api",
            "aws_cloudwatch_log_group.lambda_logs",
            "aws_db_instance.ledger_db",
            "aws_db_subnet_group.default",
            "aws_iam_policy.lambda_policy",
            "aws_iam_role.lambda_role",
            "aws_iam_role_policy_attachment.lambda_policy_attach",
            "aws_lambda_function.ledger_processor",
            "aws_security_group.db_sg",
            "aws_security_group.lambda_sg",
            "aws_sqs_queue.dlq",
            "aws_sqs_queue.ledger_queue",
            "aws_subnet.private",
            "aws_vpc.main",
            "data.aws_availability_zones.available"
          ],
          "create_before_destroy": true
        }
      ]
    },
    {
      "mode": "managed",
      "type": "aws_api_gateway_integration",
      "name": "register_lambda_integration",
      "provider": "provider[\"registry.terraform.io/hashicorp/aws\"]",
      "instances": [
        {
          "schema_version": 0,
          "attributes": {
            "cache_key_parameters": [],
            "cache_namespace": "ataehj",
            "connection_id": "",
            "connection_type": "INTERNET",
            "content_handling": "",
            "credentials": "",
            "http_method": "POST",
            "id": "agi-0pjr6fzik8-ataehj-POST",
            "integration_http_method": "POST",
            "passthrough_behavior": "WHEN_NO_MATCH",
            "request_parameters": {},
            "request_templates": {},
            "resource_id": "ataehj",
            "rest_api_id": "0pjr6fzik8",
            "timeout_milliseconds": 29000,
            "tls_config": [],
            "type": "AWS_PROXY",
            "uri": "arn:aws:apigateway:eu-north-1:lambda:path/2015-03-31/functions/arn:aws:lambda:eu-north-1:356021292573:function:ledger-processor-dev/invocations"
          },
          "sensitive_attributes": [],
          "private": "bnVsbA==",
          "dependencies": [
            "aws_api_gateway_method.register_post",
            "aws_api_gateway_resource.register",
            "aws_api_gateway_rest_api.ledger_api",
            "aws_cloudwatch_log_group.lambda_logs",
            "aws_db_instance.ledger_db",
            "aws_db_subnet_group.default",
            "aws_iam_policy.lambda_policy",
            "aws_iam_role.lambda_role",
            "aws_iam_role_policy_attachment.lambda_policy_attach",
            "aws_lambda_function.ledger_processor",
            "aws_security_group.db_sg",
            "aws_security_group.lambda_sg",
            "aws_sqs_queue.dlq",
            "aws_sqs_queue.ledger_queue",
            "aws_subnet.private",
            "aws_vpc.main",
            "data.aws_availability_zones.available"
          ],
          "create_before_destroy": true
        }
      ]
    },
    {
      "mode": "managed",
      "type": "aws_api_gateway_integration",
      "name": "root_integration",
      "provider": "provider[\"registry.terraform.io/hashicorp/aws\"]",
      "instances": [
        {
          "schema_version": 0,
          "attributes": {
            "cache_key_parameters": [],
            "cache_namespace": "juix1zv82j",
            "connection_id": "",
            "connection_type": "INTERNET",
            "content_handling": "",
            "credentials": "",
            "http_method": "GET",
            "id": "agi-0pjr6fzik8-juix1zv82j-GET",
            "integration_http_method": "POST",
            "passthrough_behavior": "WHEN_NO_MATCH",
            "request_parameters": {},
            "request_templates": {},
            "resource_id": "juix1zv82j",
            "rest_api_id": "0pjr6fzik8",
            "timeout_milliseconds": 29000,
            "tls_config": [],
            "type": "AWS_PROXY",
            "uri": "arn:aws:apigateway:eu-north-1:lambda:path/2015-03-31/functions/arn:aws:lambda:eu-north-1:356021292573:function:ledger-processor-dev/invocations"
          },
          "sensitive_attributes": [],
          "private": "bnVsbA==",
          "dependencies": [
            "aws_api_gateway_method.root_method",
            "aws_api_gateway_rest_api.ledger_api",
            "aws_cloudwatch_log_group.lambda_logs",
            "aws_db_instance.ledger_db",
            "aws_db_subnet_group.default",
            "aws_iam_policy.lambda_policy",
            "aws_iam_role.lambda_role",
            "aws_iam_role_policy_attachment.lambda_policy_attach",
            "aws_lambda_function.ledger_processor",
            "aws_security_group.db_sg",
            "aws_security_group.lambda_sg",
            "aws_sqs_queue.dlq",
            "aws_sqs_queue.ledger_queue",
            "aws_subnet.private",
            "aws_vpc.main",
            "data.aws_availability_zones.available"
          ],
          "create_before_destroy": true
        }
      ]
    },
    {
      "mode": "managed",
      "type": "aws_api_gateway_integration_response",
      "name": "add_user_sqs_integration_response",
      "provider": "provider[\"registry.terraform.io/hashicorp/aws\"]",
      "instances": [
        {
          "schema_version": 0,
          "attributes": {
            "content_handling": "",
            "http_method": "POST",
            "id": "agir-0pjr6fzik8-ywrqc5-POST-200",
            "resource_id": "ywrqc5",
            "response_parameters": {},
            "response_templates": {
              "application/json": "{\"message\":\"Kullanıcı oluşturma isteği kuyruğa alındı\",\"status\":\"success\"}"
            },
            "rest_api_id": "0pjr6fzik8",
            "selection_pattern": "",
            "status_code": "200"
          },
          "sensitive_attributes": [],
          "private": "bnVsbA==",
          "dependencies": [
            "aws_api_gateway_integration.add_user_sqs_integration",
            "aws_api_gateway_method.add_user_post",
            "aws_api_gateway_method_response.add_user_post_response_200",
            "aws_api_gateway_resource.add_user",
            "aws_api_gateway_resource.users",
            "aws_api_gateway_rest_api.ledger_api",
            "aws_iam_role.api_gateway_sqs",
            "aws_sqs_queue.dlq",
            "aws_sqs_queue.ledger_queue"
          ]
        }
      ]
    },
    {
      "mode": "managed",
      "type": "aws_api_gateway_method",
      "name": "add_user_post",
      "provider": "provider[\"registry.terraform.io/hashicorp/aws\"]",
      "instances": [
        {
          "schema_version": 0,
          "attributes": {
            "api_key_required": true,
            "authorization": "NONE",
            "authorization_scopes": [],
            "authorizer_id": "",
            "http_method": "POST",
            "id": "agm-0pjr6fzik8-ywrqc5-POST",
            "operation_name": "",
            "request_models": {},
            "request_parameters": {},
            "request_validator_id": "",
            "resource_id": "ywrqc5",
            "rest_api_id": "0pjr6fzik8"
          },
          "sensitive_attributes": [],
          "private": "bnVsbA==",
          "dependencies": [
            "aws_api_gateway_resource.add_user",
            "aws_api_gateway_resource.users",
            "aws_api_gateway_rest_api.ledger_api"
          ],
          "create_before_destroy": true
        }
      ]
    },
    {
      "mode": "managed",
      "type": "aws_api_gateway_method",
      "name": "get_credit_get",
      "provider": "provider[\"registry.terraform.io/hashicorp/aws\"]",
      "instances": [
        {
          "schema_version": 0,
          "attributes": {
            "api_key_required": true,
            "authorization": "CUSTOM",
            "authorization_scopes": [],
            "authorizer_id": "vdmbnw",
            "http_method": "GET",
            "id": "agm-0pjr6fzik8-e854ka-GET",
            "operation_name": "",
            "request_models": {},
            "request_parameters": {
              "method.request.header.Authorization": true
            },
            "request_validator_id": "",
            "resource_id": "e854ka",
            "rest_api_id": "0pjr6fzik8"
          },
          "sensitive_attributes": [],
          "private": "bnVsbA==",
          "dependencies": [
            "aws_api_gateway_authorizer.jwt_authorizer",
            "aws_api_gateway_resource.get_credit",
            "aws_api_gateway_resource.users",
            "aws_api_gateway_rest_api.ledger_api",
            "aws_iam_role.api_gateway_sqs",
            "aws_iam_role.lambda_role",
            "aws_lambda_function.jwt_authorizer"
          ],
          "create_before_destroy": true
        }
      ]
    },
    {
      "mode": "managed",
      "type": "aws_api_gateway_method",
      "name": "get_user_get",
      "provider": "provider[\"registry.terraform.io/hashicorp/aws\"]",
      "instances": [
        {
          "schema_version": 0,
          "attributes": {
            "api_key_required": true,
            "authorization": "CUSTOM",
            "authorization_scopes": [],
            "authorizer_id": "vdmbnw",
            "http_method": "GET",
            "id": "agm-0pjr6fzik8-2pgk97-GET",
            "operation_name": "",
            "request_models": {},
            "request_parameters": {
              "method.request.header.Authorization": true
            },
            "request_validator_id": "",
            "resource_id": "2pgk97",
            "rest_api_id": "0pjr6fzik8"
          },
          "sensitive_attributes": [],
          "private": "bnVsbA==",
          "dependencies": [
            "aws_api_gateway_authorizer.jwt_authorizer",
            "aws_api_gateway_resource.get_user",
            "aws_api_gateway_resource.users",
            "aws_api_gateway_rest_api.ledger_api",
            "aws_iam_role.api_gateway_sqs",
            "aws_iam_role.lambda_role",
            "aws_lambda_function.jwt_authorizer"
          ],
          "create_before_destroy": true
        }
      ]
    },
    {
      "mode": "managed",
      "type": "aws_api_gateway_method",
      "name": "login_post",
      "provider": "provider[\"registry.terraform.io/hashicorp/aws\"]",
      "instances": [
        {
          "schema_version": 0,
          "attributes": {
            "api_key_required": true,
            "authorization": "NONE",
            "authorization_scopes": [],
            "authorizer_id": "",
            "http_method": "POST",
            "id": "agm-0pjr6fzik8-oatv7p-POST",
            "operation_name": "",
            "request_models": {},
            "request_parameters": {},
            "request_validator_id": "",
            "resource_id": "oatv7p",
            "rest_api_id": "0pjr6fzik8"
          },
          "sensitive_attributes": [],
          "private": "bnVsbA==",
          "dependencies": [
            "aws_api_gateway_resource.login",
            "aws_api_gateway_rest_api.ledger_api"
          ],
          "create_before_destroy": true
        }
      ]
    },
    {
      "mode": "managed",
      "type": "aws_api_gateway_method",
      "name": "register_post",
      "provider": "provider[\"registry.terraform.io/hashicorp/aws\"]",
      "instances": [
        {
          "schema_version": 0,
          "attributes": {
            "api_key_required": true,
            "authorization": "NONE",
            "authorization_scopes": [],
            "authorizer_id": "",
            "http_method": "POST",
            "id": "agm-0pjr6fzik8-ataehj-POST",
            "operation_name": "",
            "request_models": {},
            "request_parameters": {},
            "request_validator_id": "",
            "resource_id": "ataehj",
            "rest_api_id": "0pjr6fzik8"
          },
          "sensitive_attributes": [],
          "private": "bnVsbA==",
          "dependencies": [
            "aws_api_gateway_resource.register",
            "aws_api_gateway_rest_api.ledger_api"
          ],
          "create_before_destroy": true
        }
      ]
    },
    {
      "mode": "managed",
      "type": "aws_api_gateway_method",
      "name": "root_method",
      "provider": "provider[\"registry.terraform.io/hashicorp/aws\"]",
      "instances": [
        {
          "schema_version": 0,
          "attributes": {
            "api_key_required": true,
            "authorization": "NONE",
            "authorization_scopes": [],
            "authorizer_id": "",
            "http_method": "GET",
            "id": "agm-0pjr6fzik8-juix1zv82j-GET",
            "operation_name": "",
            "request_models": {},
            "request_parameters": {},
            "request_validator_id": "",
            "resource_id": "juix1zv82j",
            "rest_api_id": "0pjr6fzik8"
          },
          "sensitive_attributes": [],
          "private": "bnVsbA==",
          "dependencies": [
            "aws_api_gateway_rest_api.ledger_api"
          ],
          "create_before_destroy": true
        }
      ]
    },
    {
      "mode": "managed",
      "type": "aws_api_gateway_method_response",
      "name": "add_user_post_response_200",
      "provider": "provider[\"registry.terraform.io/hashicorp/aws\"]",
      "instances": [
        {
          "schema_version": 0,
          "attributes": {
            "http_method": "POST",
            "id": "agmr-0pjr6fzik8-ywrqc5-POST-200",
            "resource_id": "ywrqc5",
            "response_models": {
              "application/json": "Empty"
            },
            "response_parameters": {},
            "rest_api_id": "0pjr6fzik8",
            "status_code": "200"
          },
          "sensitive_attributes": [],
          "private": "bnVsbA==",
          "dependencies": [
            "aws_api_gateway_method.add_user_post",
            "aws_api_gateway_resource.add_user",
            "aws_api_gateway_resource.users",
            "aws_api_gateway_rest_api.ledger_api"
          ]
        }
      ]
    },
    {
      "mode": "managed",
      "type": "aws_api_gateway_resource",
      "name": "add_user",
      "provider": "provider[\"registry.terraform.io/hashicorp/aws\"]",
      "instances": [
        {
          "schema_version": 0,
          "attributes": {
            "id": "ywrqc5",
            "parent_id": "vyrilb",
            "path": "/users/add-user",
            "path_part": "add-user",
            "rest_api_id": "0pjr6fzik8"
          },
          "sensitive_attributes": [],
          "private": "bnVsbA==",
          "dependencies": [
            "aws_api_gateway_resource.users",
            "aws_api_gateway_rest_api.ledger_api"
          ],
          "create_before_destroy": true
        }
      ]
    },
    {
      "mode": "managed",
      "type": "aws_api_gateway_resource",
      "name": "get_credit",
      "provider": "provider[\"registry.terraform.io/hashicorp/aws\"]",
      "instances": [
        {
          "schema_version": 0,
          "attributes": {
            "id": "e854ka",
            "parent_id": "vyrilb",
            "path": "/users/get-credit",
            "path_part": "get-credit",
            "rest_api_id": "0pjr6fzik8"
          },
          "sensitive_attributes": [],
          "private": "bnVsbA==",
          "dependencies": [
            "aws_api_gateway_resource.users",
            "aws_api_gateway_rest_api.ledger_api"
          ],
          "create_before_destroy": true
        }
      ]
    },
    {
      "mode": "managed",
      "type": "aws_api_gateway_resource",
      "name": "get_user",
      "provider": "provider[\"registry.terraform.io/hashicorp/aws\"]",
      "instances": [
        {
          "schema_version": 0,
          "attributes": {
            "id": "2pgk97",
            "parent_id": "vyrilb",
            "path": "/users/get-user",
            "path_part": "get-user",
            "rest_api_id": "0pjr6fzik8"
          },
          "sensitive_attributes": [],
          "private": "bnVsbA==",
          "dependencies": [
            "aws_api_gateway_resource.users",
            "aws_api_gateway_rest_api.ledger_api"
          ],
          "create_before_destroy": true
        }
      ]
    },
    {
      "mode": "managed",
      "type": "aws_api_gateway_resource",
      "name": "login",
      "provider": "provider[\"registry.terraform.io/hashicorp/aws\"]",
      "instances": [
        {
          "schema_version": 0,
          "attributes": {
            "id": "oatv7p",
            "parent_id": "juix1zv82j",
            "path": "/login",
            "path_part": "login",
            "rest_api_id": "0pjr6fzik8"
          },
          "sensitive_attributes": [],
          "private": "bnVsbA==",
          "dependencies": [
            "aws_api_gateway_rest_api.ledger_api"
          ],
          "create_before_destroy": true
        }
      ]
    },
    {
      "mode": "managed",
      "type": "aws_api_gateway_resource",
      "name": "register",
      "provider": "provider[\"registry.terraform.io/hashicorp/aws\"]",
      "instances": [
        {
          "schema_version": 0,
          "attributes": {
            "id": "ataehj",
            "parent_id": "juix1zv82j",
            "path": "/register",
            "path_part": "register",
            "rest_api_id": "0pjr6fzik8"
          },
          "sensitive_attributes": [],
          "private": "bnVsbA==",
          "dependencies": [
            "aws_api_gateway_rest_api.ledger_api"
          ],
          "create_before_destroy": true
        }
      ]
    },
    {
      "mode": "managed",
      "type": "aws_api_gateway_resource",
      "name": "users",
      "provider": "provider[\"registry.terraform.io/hashicorp/aws\"]",
      "instances": [
        {
          "schema_version": 0,
          "attributes": {
            "id": "vyrilb",
            "parent_id": "juix1zv82j",
            "path": "/users",
            "path_part": "users",
            "rest_api_id": "0pjr6fzik8"
          },
          "sensitive_attributes": [],
          "private": "bnVsbA==",
          "dependencies": [
            "aws_api_gateway_rest_api.ledger_api"
          ],
          "create_before_destroy": true
        }
      ]
    },
    {
      "mode": "managed",
      "type": "aws_api_gateway_rest_api",
      "name": "ledger_api",
      "provider": "provider[\"registry.terraform.io/hashicorp/aws\"]",
      "instances": [
        {
          "schema_version": 0,
          "attributes": {
            "api_key_source": "HEADER",
            "arn": "arn:aws:apigateway:eu-north-1::/restapis/0pjr6fzik8",
            "binary_media_types": [],
            "body": null,
            "created_date": "2025-03-19T11:29:42Z",
            "description": "Ledger API Gateway",
            "disable_execute_api_endpoint": false,
            "endpoint_configuration": [
              {
                "types": [
                  "REGIONAL"
                ],
                "vpc_endpoint_ids": []
              }
            ],
            "execution_arn": "arn:aws:execute-api:eu-north-1:356021292573:0pjr6fzik8",
            "fail_on_warnings": null,
            "id": "0pjr6fzik8",
            "minimum_compression_size": -1,
            "name": "ledger-api-dev",
            "parameters": null,
            "policy": "",
            "put_rest_api_mode": null,
            "root_resource_id": "juix1zv82j",
            "tags": {
              "Environment": "dev",
              "Name": "ledger-api-dev"
            },
            "tags_all": {
              "Environment": "dev",
              "Name": "ledger-api-dev"
            }
          },
          "sensitive_attributes": [],
          "private": "bnVsbA==",
          "create_before_destroy": true
        }
      ]
    },
    {
      "mode": "managed",
      "type": "aws_api_gateway_stage",
      "name": "api_stage",
      "provider": "provider[\"registry.terraform.io/hashicorp/aws\"]",
      "instances": [
        {
          "schema_version": 0,
          "attributes": {
            "access_log_settings": [],
            "arn": "arn:aws:apigateway:eu-north-1::/restapis/0pjr6fzik8/stages/dev",
            "cache_cluster_enabled": false,
            "cache_cluster_size": "",
            "canary_settings": [],
            "client_certificate_id": "",
            "deployment_id": "qhqp4j",
            "description": "",
            "documentation_version": "",
            "execution_arn": "arn:aws:execute-api:eu-north-1:356021292573:0pjr6fzik8/dev",
            "id": "ags-0pjr6fzik8-dev",
            "invoke_url": "https://0pjr6fzik8.execute-api.eu-north-1.amazonaws.com/dev",
            "rest_api_id": "0pjr6fzik8",
            "stage_name": "dev",
            "tags": {},
            "tags_all": {},
            "variables": {},
            "web_acl_arn": "",
            "xray_tracing_enabled": false
          },
          "sensitive_attributes": [],
          "private": "bnVsbA==",
          "dependencies": [
            "aws_api_gateway_authorizer.jwt_authorizer",
            "aws_api_gateway_deployment.api_deployment",
            "aws_api_gateway_integration.add_user_sqs_integration",
            "aws_api_gateway_integration.get_credit_lambda_integration",
            "aws_api_gateway_integration.get_user_lambda_integration",
            "aws_api_gateway_integration.login_lambda_integration",
            "aws_api_gateway_integration.register_lambda_integration",
            "aws_api_gateway_integration.root_integration",
            "aws_api_gateway_method.add_user_post",
            "aws_api_gateway_method.get_credit_get",
            "aws_api_gateway_method.get_user_get",
            "aws_api_gateway_method.login_post",
            "aws_api_gateway_method.register_post",
            "aws_api_gateway_method.root_method",
            "aws_api_gateway_resource.add_user",
            "aws_api_gateway_resource.get_credit",
            "aws_api_gateway_resource.get_user",
            "aws_api_gateway_resource.login",
            "aws_api_gateway_resource.register",
            "aws_api_gateway_resource.users",
            "aws_api_gateway_rest_api.ledger_api",
            "aws_cloudwatch_log_group.lambda_logs",
            "aws_db_instance.ledger_db",
            "aws_db_subnet_group.default",
            "aws_iam_policy.lambda_policy",
            "aws_iam_role.api_gateway_sqs",
            "aws_iam_role.lambda_role",
            "aws_iam_role_policy_attachment.lambda_policy_attach",
            "aws_lambda_function.jwt_authorizer",
            "aws_lambda_function.ledger_processor",
            "aws_security_group.db_sg",
            "aws_security_group.lambda_sg",
            "aws_sqs_queue.dlq",
            "aws_sqs_queue.ledger_queue",
            "aws_subnet.private",
            "aws_vpc.main",
            "data.aws_availability_zones.available"
          ]
        }
      ]
    },
    {
      "mode": "managed",
      "type": "aws_api_gateway_usage_plan",
      "name": "usage_plan",
      "provider": "provider[\"registry.terraform.io/hashicorp/aws\"]",
      "instances": [
        {
          "schema_version": 0,
          "attributes": {
            "api_stages": [
              {
                "api_id": "0pjr6fzik8",
                "stage": "dev",
                "throttle": []
              }
            ],
            "arn": "arn:aws:apigateway:eu-north-1::/usageplans/ap716n",
            "description": "ledger API kullanım planı",
            "id": "ap716n",
            "name": "ledger-usage-plan-dev",
            "product_code": "",
            "quota_settings": [
              {
                "limit": 1000,
                "offset": 0,
                "period": "DAY"
              }
            ],
            "tags": {},
            "tags_all": {},
            "throttle_settings": [
              {
                "burst_limit": 5,
                "rate_limit": 10
              }
            ]
          },
          "sensitive_attributes": [],
          "private": "bnVsbA==",
          "dependencies": [
            "aws_api_gateway_authorizer.jwt_authorizer",
            "aws_api_gateway_deployment.api_deployment",
            "aws_api_gateway_integration.add_user_sqs_integration",
            "aws_api_gateway_integration.get_credit_lambda_integration",
            "aws_api_gateway_integration.get_user_lambda_integration",
            "aws_api_gateway_integration.login_lambda_integration",
            "aws_api_gateway_integration.register_lambda_integration",
            "aws_api_gateway_integration.root_integration",
            "aws_api_gateway_method.add_user_post",
            "aws_api_gateway_method.get_credit_get",
            "aws_api_gateway_method.get_user_get",
            "aws_api_gateway_method.login_post",
            "aws_api_gateway_method.register_post",
            "aws_api_gateway_method.root_method",
            "aws_api_gateway_resource.add_user",
            "aws_api_gateway_resource.get_credit",
            "aws_api_gateway_resource.get_user",
            "aws_api_gateway_resource.login",
            "aws_api_gateway_resource.register",
            "aws_api_gateway_resource.users",
            "aws_api_gateway_rest_api.ledger_api",
            "aws_api_gateway_stage.api_stage",
            "aws_cloudwatch_log_group.lambda_logs",
            "aws_db_instance.ledger_db",
            "aws_db_subnet_group.default",
            "aws_iam_policy.lambda_policy",
            "aws_iam_role.api_gateway_sqs",
            "aws_iam_role.lambda_role",
            "aws_iam_role_policy_attachment.lambda_policy_attach",
            "aws_lambda_function.jwt_authorizer",
            "aws_lambda_function.ledger_processor",
            "aws_security_group.db_sg",
            "aws_security_group.lambda_sg",
            "aws_sqs_queue.dlq",
            "aws_sqs_queue.ledger_queue",
            "aws_subnet.private",
            "aws_vpc.main",
            "data.aws_availability_zones.available"
          ]
        }
      ]
    },
    {
      "mode": "managed",
      "type": "aws_api_gateway_usage_plan_key",
      "name": "usage_plan_key",
      "provider": "provider[\"registry.terraform.io/hashicorp/aws\"]",
      "instances": [
        {
          "schema_version": 0,
          "attributes": {
            "id": "eyvdiypy2k",
            "key_id": "eyvdiypy2k",
            "key_type": "API_KEY",
            "name": "ledger-api-key-dev",
            "usage_plan_id": "ap716n",
            "value": "g1nJ2Nw9KB6LD6vlwqcPv2Dti555DjJK7LRNx0o6"
          },
          "sensitive_attributes": [],
          "private": "bnVsbA==",
          "dependencies": [
            "aws_api_gateway_api_key.api_key",
            "aws_api_gateway_authorizer.jwt_authorizer",
            "aws_api_gateway_deployment.api_deployment",
            "aws_api_gateway_integration.add_user_sqs_integration",
            "aws_api_gateway_integration.get_credit_lambda_integration",
            "aws_api_gateway_integration.get_user_lambda_integration",
            "aws_api_gateway_integration.login_lambda_integration",
            "aws_api_gateway_integration.register_lambda_integration",
            "aws_api_gateway_integration.root_integration",
            "aws_api_gateway_method.add_user_post",
            "aws_api_gateway_method.get_credit_get",
            "aws_api_gateway_method.get_user_get",
            "aws_api_gateway_method.login_post",
            "aws_api_gateway_method.register_post",
            "aws_api_gateway_method.root_method",
            "aws_api_gateway_resource.add_user",
            "aws_api_gateway_resource.get_credit",
            "aws_api_gateway_resource.get_user",
            "aws_api_gateway_resource.login",
            "aws_api_gateway_resource.register",
            "aws_api_gateway_resource.users",
            "aws_api_gateway_rest_api.ledger_api",
            "aws_api_gateway_stage.api_stage",
            "aws_api_gateway_usage_plan.usage_plan",
            "aws_cloudwatch_log_group.lambda_logs",
            "aws_db_instance.ledger_db",
            "aws_db_subnet_group.default",
            "aws_iam_policy.lambda_policy",
            "aws_iam_role.api_gateway_sqs",
            "aws_iam_role.lambda_role",
            "aws_iam_role_policy_attachment.lambda_policy_attach",
            "aws_lambda_function.jwt_authorizer",
            "aws_lambda_function.ledger_processor",
            "aws_security_group.db_sg",
            "aws_security_group.lambda_sg",
            "aws_sqs_queue.dlq",
            "aws_sqs_queue.ledger_queue",
            "aws_subnet.private",
            "aws_vpc.main",
            "data.aws_availability_zones.available"
          ]
        }
      ]
    },
    {
      "mode": "managed",
      "type": "aws_cloudwatch_log_group",
      "name": "lambda_logs",
      "provider": "provider[\"registry.terraform.io/hashicorp/aws\"]",
      "instances": [
        {
          "schema_version": 0,
          "attributes": {
            "arn": "arn:aws:logs:eu-north-1:356021292573:log-group:/aws/lambda/ledger-processor-dev",
            "id": "/aws/lambda/ledger-processor-dev",
            "kms_key_id": "",
            "name": "/aws/lambda/ledger-processor-dev",
            "name_prefix": "",
            "retention_in_days": 7,
            "skip_destroy": false,
            "tags": {
              "Environment": "dev",
              "Name": "ledger-lambda-logs-dev"
            },
            "tags_all": {
              "Environment": "dev",
              "Name": "ledger-lambda-logs-dev"
            }
          },
          "sensitive_attributes": [],
          "private": "bnVsbA==",
          "create_before_destroy": true
        }
      ]
    },
    {
      "mode": "managed",
      "type": "aws_db_instance",
      "name": "ledger_db",
      "provider": "provider[\"registry.terraform.io/hashicorp/aws\"]",
      "instances": [
        {
          "schema_version": 1,
          "attributes": {
            "address": "ledger-db-dev.c1eyowm2m5kd.eu-north-1.rds.amazonaws.com",
            "allocated_storage": 20,
            "allow_major_version_upgrade": null,
            "apply_immediately": false,
            "arn": "arn:aws:rds:eu-north-1:356021292573:db:ledger-db-dev",
            "auto_minor_version_upgrade": true,
            "availability_zone": "eu-north-1a",
            "backup_retention_period": 7,
            "backup_window": "23:40-00:10",
            "blue_green_update": [],
            "ca_cert_identifier": "rds-ca-rsa2048-g1",
            "character_set_name": "",
            "copy_tags_to_snapshot": false,
            "custom_iam_instance_profile": "",
            "customer_owned_ip_enabled": false,
            "db_name": "ledgerdb",
            "db_subnet_group_name": "ledger-db-subnet-group-dev",
            "delete_automated_backups": true,
            "deletion_protection": false,
            "domain": "",
            "domain_iam_role_name": "",
            "enabled_cloudwatch_logs_exports": [],
            "endpoint": "ledger-db-dev.c1eyowm2m5kd.eu-north-1.rds.amazonaws.com:5432",
            "engine": "postgres",
            "engine_version": "14.12",
            "engine_version_actual": "14.12",
            "final_snapshot_identifier": null,
            "hosted_zone_id": "Z3MPDEQW7KHUGY",
            "iam_database_authentication_enabled": false,
            "id": "ledger-db-dev",
            "identifier": "ledger-db-dev",
            "identifier_prefix": "",
            "instance_class": "db.t3.micro",
            "iops": 0,
            "kms_key_id": "",
            "latest_restorable_time": "2025-03-19T17:04:31Z",
            "license_model": "postgresql-license",
            "listener_endpoint": [],
            "maintenance_window": "wed:06:26-wed:06:56",
            "manage_master_user_password": null,
            "master_user_secret": [],
            "master_user_secret_kms_key_id": null,
            "max_allocated_storage": 0,
            "monitoring_interval": 0,
            "monitoring_role_arn": "",
            "multi_az": false,
            "name": "ledgerdb",
            "nchar_character_set_name": "",
            "network_type": "IPV4",
            "option_group_name": "default:postgres-14",
            "parameter_group_name": "default.postgres14",
            "password": "LedgerPassword123",
            "performance_insights_enabled": false,
            "performance_insights_kms_key_id": "",
            "performance_insights_retention_period": 0,
            "port": 5432,
            "publicly_accessible": true,
            "replica_mode": "",
            "replicas": [],
            "replicate_source_db": "",
            "resource_id": "db-VZNBHSCLLMKM3W4CSAYRFNGX3Y",
            "restore_to_point_in_time": [],
            "s3_import": [],
            "security_group_names": [],
            "skip_final_snapshot": true,
            "snapshot_identifier": null,
            "status": "available",
            "storage_encrypted": false,
            "storage_throughput": 0,
            "storage_type": "gp2",
            "tags": {
              "Environment": "dev",
              "Name": "ledger-db-dev"
            },
            "tags_all": {
              "Environment": "dev",
              "Name": "ledger-db-dev"
            },
            "timeouts": null,
            "timezone": "",
            "username": "ledgeradmin",
            "vpc_security_group_ids": [
              "sg-0e7d8473c96de8d4f"
            ]
          },
          "sensitive_attributes": [
            [
              {
                "type": "get_attr",
                "value": "password"
              }
            ]
          ],
          "private": "eyJlMmJmYjczMC1lY2FhLTExZTYtOGY4OC0zNDM2M2JjN2M0YzAiOnsiY3JlYXRlIjoyNDAwMDAwMDAwMDAwLCJkZWxldGUiOjM2MDAwMDAwMDAwMDAsInVwZGF0ZSI6NDgwMDAwMDAwMDAwMH0sInNjaGVtYV92ZXJzaW9uIjoiMSJ9",
          "dependencies": [
            "aws_db_subnet_group.default",
            "aws_security_group.db_sg",
            "aws_subnet.private",
            "aws_vpc.main",
            "data.aws_availability_zones.available"
          ],
          "create_before_destroy": true
        }
      ]
    },
    {
      "mode": "managed",
      "type": "aws_db_subnet_group",
      "name": "default",
      "provider": "provider[\"registry.terraform.io/hashicorp/aws\"]",
      "instances": [
        {
          "schema_version": 0,
          "attributes": {
            "arn": "arn:aws:rds:eu-north-1:356021292573:subgrp:ledger-db-subnet-group-dev",
            "description": "Managed by Terraform",
            "id": "ledger-db-subnet-group-dev",
            "name": "ledger-db-subnet-group-dev",
            "name_prefix": "",
            "subnet_ids": [
              "subnet-00d8af7f0b7b4306d",
              "subnet-0144ef7bf15a73e7d"
            ],
            "supported_network_types": [
              "IPV4"
            ],
            "tags": {
              "Environment": "dev",
              "Name": "ledger-db-subnet-group-dev"
            },
            "tags_all": {
              "Environment": "dev",
              "Name": "ledger-db-subnet-group-dev"
            },
            "vpc_id": "vpc-0de0d8266cbc3ee6e"
          },
          "sensitive_attributes": [],
          "private": "bnVsbA==",
          "dependencies": [
            "aws_subnet.private",
            "aws_vpc.main",
            "data.aws_availability_zones.available"
          ],
          "create_before_destroy": true
        }
      ]
    },
    {
      "mode": "managed",
      "type": "aws_iam_policy",
      "name": "api_gateway_sqs_policy",
      "provider": "provider[\"registry.terraform.io/hashicorp/aws\"]",
      "instances": [
        {
          "schema_version": 0,
          "attributes": {
            "arn": "arn:aws:iam::356021292573:policy/ledger-api-gateway-sqs-policy-dev",
            "description": "API Gateway'in SQS kuyruğuna mesaj göndermesi için izin",
            "id": "arn:aws:iam::356021292573:policy/ledger-api-gateway-sqs-policy-dev",
            "name": "ledger-api-gateway-sqs-policy-dev",
            "name_prefix": "",
            "path": "/",
            "policy": "{\"Statement\":[{\"Action\":[\"sqs:SendMessage\"],\"Effect\":\"Allow\",\"Resource\":[\"arn:aws:sqs:eu-north-1:356021292573:ledger-queue-dev\"]}],\"Version\":\"2012-10-17\"}",
            "policy_id": "ANPAVFZEFZYO3IDNKY4TC",
            "tags": {
              "Environment": "dev",
              "Name": "ledger-api-gateway-sqs-policy-dev"
            },
            "tags_all": {
              "Environment": "dev",
              "Name": "ledger-api-gateway-sqs-policy-dev"
            }
          },
          "sensitive_attributes": [],
          "private": "bnVsbA==",
          "dependencies": [
            "aws_sqs_queue.dlq",
            "aws_sqs_queue.ledger_queue"
          ]
        }
      ]
    },
    {
      "mode": "managed",
      "type": "aws_iam_policy",
      "name": "lambda_policy",
      "provider": "provider[\"registry.terraform.io/hashicorp/aws\"]",
      "instances": [
        {
          "schema_version": 0,
          "attributes": {
            "arn": "arn:aws:iam::356021292573:policy/ledger-lambda-policy-dev",
            "description": "Lambda için gerekli izinler",
            "id": "arn:aws:iam::356021292573:policy/ledger-lambda-policy-dev",
            "name": "ledger-lambda-policy-dev",
            "name_prefix": "",
            "path": "/",
            "policy": "{\"Statement\":[{\"Action\":[\"sqs:ReceiveMessage\",\"sqs:DeleteMessage\",\"sqs:GetQueueAttributes\",\"sqs:SendMessage\"],\"Effect\":\"Allow\",\"Resource\":[\"arn:aws:sqs:eu-north-1:356021292573:ledger-queue-dev\",\"arn:aws:sqs:eu-north-1:356021292573:ledger-dlq-dev\"]},{\"Action\":[\"logs:CreateLogGroup\",\"logs:CreateLogStream\",\"logs:PutLogEvents\"],\"Effect\":\"Allow\",\"Resource\":\"arn:aws:logs:*:*:*\"},{\"Action\":[\"ec2:CreateNetworkInterface\",\"ec2:DeleteNetworkInterface\",\"ec2:DescribeNetworkInterfaces\"],\"Effect\":\"Allow\",\"Resource\":\"*\"}],\"Version\":\"2012-10-17\"}",
            "policy_id": "ANPAVFZEFZYOTZII46PLG",
            "tags": {
              "Environment": "dev",
              "Name": "ledger-lambda-policy-dev"
            },
            "tags_all": {
              "Environment": "dev",
              "Name": "ledger-lambda-policy-dev"
            }
          },
          "sensitive_attributes": [],
          "private": "bnVsbA==",
          "dependencies": [
            "aws_sqs_queue.dlq",
            "aws_sqs_queue.ledger_queue"
          ],
          "create_before_destroy": true
        }
      ]
    },
    {
      "mode": "managed",
      "type": "aws_iam_policy",
      "name": "lambda_rds_policy",
      "provider": "provider[\"registry.terraform.io/hashicorp/aws\"]",
      "instances": [
        {
          "schema_version": 0,
          "attributes": {
            "arn": "arn:aws:iam::356021292573:policy/ledger-lambda-rds-policy-dev",
            "description": "Policy for Lambda to connect to RDS",
            "id": "arn:aws:iam::356021292573:policy/ledger-lambda-rds-policy-dev",
            "name": "ledger-lambda-rds-policy-dev",
            "name_prefix": "",
            "path": "/",
            "policy": "{\"Statement\":[{\"Action\":[\"rds-db:connect\"],\"Effect\":\"Allow\",\"Resource\":\"arn:aws:rds:eu-north-1:356021292573:db:ledger-db-dev\"}],\"Version\":\"2012-10-17\"}",
            "policy_id": "ANPAVFZEFZYOVCDB4X5FD",
            "tags": {},
            "tags_all": {}
          },
          "sensitive_attributes": [],
          "private": "bnVsbA==",
          "dependencies": [
            "aws_db_instance.ledger_db",
            "aws_db_subnet_group.default",
            "aws_security_group.db_sg",
            "aws_subnet.private",
            "aws_vpc.main",
            "data.aws_availability_zones.available"
          ]
        }
      ]
    },
    {
      "mode": "managed",
      "type": "aws_iam_role",
      "name": "api_gateway_sqs",
      "provider": "provider[\"registry.terraform.io/hashicorp/aws\"]",
      "instances": [
        {
          "schema_version": 0,
          "attributes": {
            "arn": "arn:aws:iam::356021292573:role/ledger-api-gateway-sqs-role-dev",
            "assume_role_policy": "{\"Statement\":[{\"Action\":\"sts:AssumeRole\",\"Effect\":\"Allow\",\"Principal\":{\"Service\":\"apigateway.amazonaws.com\"}}],\"Version\":\"2012-10-17\"}",
            "create_date": "2025-03-19T11:29:42Z",
            "description": "",
            "force_detach_policies": false,
            "id": "ledger-api-gateway-sqs-role-dev",
            "inline_policy": [],
            "managed_policy_arns": [
              "arn:aws:iam::356021292573:policy/ledger-api-gateway-sqs-policy-dev"
            ],
            "max_session_duration": 3600,
            "name": "ledger-api-gateway-sqs-role-dev",
            "name_prefix": "",
            "path": "/",
            "permissions_boundary": null,
            "role_last_used": [
              {
                "last_used_date": "",
                "region": ""
              }
            ],
            "tags": {
              "Environment": "dev",
              "Name": "ledger-api-gateway-sqs-role-dev"
            },
            "tags_all": {
              "Environment": "dev",
              "Name": "ledger-api-gateway-sqs-role-dev"
            },
            "unique_id": "AROAVFZEFZYO4HIFMCCGY"
          },
          "sensitive_attributes": [],
          "private": "bnVsbA==",
          "create_before_destroy": true
        }
      ]
    },
    {
      "mode": "managed",
      "type": "aws_iam_role",
      "name": "lambda_role",
      "provider": "provider[\"registry.terraform.io/hashicorp/aws\"]",
      "instances": [
        {
          "schema_version": 0,
          "attributes": {
            "arn": "arn:aws:iam::356021292573:role/ledger-lambda-role-dev",
            "assume_role_policy": "{\"Statement\":[{\"Action\":\"sts:AssumeRole\",\"Effect\":\"Allow\",\"Principal\":{\"Service\":\"lambda.amazonaws.com\"}}],\"Version\":\"2012-10-17\"}",
            "create_date": "2025-03-19T11:29:42Z",
            "description": "",
            "force_detach_policies": false,
            "id": "ledger-lambda-role-dev",
            "inline_policy": [],
            "managed_policy_arns": [
              "arn:aws:iam::356021292573:policy/ledger-lambda-policy-dev",
              "arn:aws:iam::356021292573:policy/ledger-lambda-rds-policy-dev"
            ],
            "max_session_duration": 3600,
            "name": "ledger-lambda-role-dev",
            "name_prefix": "",
            "path": "/",
            "permissions_boundary": null,
            "role_last_used": [
              {
                "last_used_date": "2025-03-19T17:03:23Z",
                "region": "eu-north-1"
              }
            ],
            "tags": {
              "Environment": "dev",
              "Name": "ledger-lambda-role-dev"
            },
            "tags_all": {
              "Environment": "dev",
              "Name": "ledger-lambda-role-dev"
            },
            "unique_id": "AROAVFZEFZYOT3HMGXIFX"
          },
          "sensitive_attributes": [],
          "private": "bnVsbA==",
          "create_before_destroy": true
        }
      ]
    },
    {
      "mode": "managed",
      "type": "aws_iam_role_policy_attachment",
      "name": "api_gateway_sqs_attach",
      "provider": "provider[\"registry.terraform.io/hashicorp/aws\"]",
      "instances": [
        {
          "schema_version": 0,
          "attributes": {
            "id": "ledger-api-gateway-sqs-role-dev-20250319113034271600000001",
            "policy_arn": "arn:aws:iam::356021292573:policy/ledger-api-gateway-sqs-policy-dev",
            "role": "ledger-api-gateway-sqs-role-dev"
          },
          "sensitive_attributes": [],
          "private": "bnVsbA==",
          "dependencies": [
            "aws_iam_policy.api_gateway_sqs_policy",
            "aws_iam_role.api_gateway_sqs",
            "aws_sqs_queue.dlq",
            "aws_sqs_queue.ledger_queue"
          ]
        }
      ]
    },
    {
      "mode": "managed",
      "type": "aws_iam_role_policy_attachment",
      "name": "lambda_policy_attach",
      "provider": "provider[\"registry.terraform.io/hashicorp/aws\"]",
      "instances": [
        {
          "schema_version": 0,
          "attributes": {
            "id": "ledger-lambda-role-dev-20250319113034356300000002",
            "policy_arn": "arn:aws:iam::356021292573:policy/ledger-lambda-policy-dev",
            "role": "ledger-lambda-role-dev"
          },
          "sensitive_attributes": [],
          "private": "bnVsbA==",
          "dependencies": [
            "aws_iam_policy.lambda_policy",
            "aws_iam_role.lambda_role",
            "aws_sqs_queue.dlq",
            "aws_sqs_queue.ledger_queue"
          ],
          "create_before_destroy": true
        }
      ]
    },
    {
      "mode": "managed",
      "type": "aws_iam_role_policy_attachment",
      "name": "lambda_rds_attach",
      "provider": "provider[\"registry.terraform.io/hashicorp/aws\"]",
      "instances": [
        {
          "schema_version": 0,
          "attributes": {
            "id": "ledger-lambda-role-dev-20250319113618968800000003",
            "policy_arn": "arn:aws:iam::356021292573:policy/ledger-lambda-rds-policy-dev",
            "role": "ledger-lambda-role-dev"
          },
          "sensitive_attributes": [],
          "private": "bnVsbA==",
          "dependencies": [
            "aws_db_instance.ledger_db",
            "aws_db_subnet_group.default",
            "aws_iam_policy.lambda_rds_policy",
            "aws_iam_role.lambda_role",
            "aws_security_group.db_sg",
            "aws_subnet.private",
            "aws_vpc.main",
            "data.aws_availability_zones.available"
          ]
        }
      ]
    },
    {
      "mode": "managed",
      "type": "aws_internet_gateway",
      "name": "igw",
      "provider": "provider[\"registry.terraform.io/hashicorp/aws\"]",
      "instances": [
        {
          "schema_version": 0,
          "attributes": {
            "arn": "arn:aws:ec2:eu-north-1:356021292573:internet-gateway/igw-0559f99011b96d87b",
            "id": "igw-0559f99011b96d87b",
            "owner_id": "356021292573",
            "tags": {
              "Environment": "dev",
              "Name": "ledger-igw-dev"
            },
            "tags_all": {
              "Environment": "dev",
              "Name": "ledger-igw-dev"
            },
            "timeouts": null,
            "vpc_id": "vpc-0de0d8266cbc3ee6e"
          },
          "sensitive_attributes": [],
          "private": "eyJlMmJmYjczMC1lY2FhLTExZTYtOGY4OC0zNDM2M2JjN2M0YzAiOnsiY3JlYXRlIjoxMjAwMDAwMDAwMDAwLCJkZWxldGUiOjEyMDAwMDAwMDAwMDAsInVwZGF0ZSI6MTIwMDAwMDAwMDAwMH19",
          "dependencies": [
            "aws_vpc.main"
          ]
        }
      ]
    },
    {
      "mode": "managed",
      "type": "aws_lambda_event_source_mapping",
      "name": "sqs_trigger",
      "provider": "provider[\"registry.terraform.io/hashicorp/aws\"]",
      "instances": [
        {
          "schema_version": 0,
          "attributes": {
            "amazon_managed_kafka_event_source_config": [],
            "batch_size": 5,
            "bisect_batch_on_function_error": false,
            "destination_config": [],
            "document_db_event_source_config": [],
            "enabled": true,
            "event_source_arn": "arn:aws:sqs:eu-north-1:356021292573:ledger-queue-dev",
            "filter_criteria": [],
            "function_arn": "arn:aws:lambda:eu-north-1:356021292573:function:ledger-processor-dev",
            "function_name": "arn:aws:lambda:eu-north-1:356021292573:function:ledger-processor-dev",
            "function_response_types": [],
            "id": "797b995d-9519-4be8-b576-6003a9464b9a",
            "last_modified": "2025-03-19T11:38:36Z",
            "last_processing_result": "",
            "maximum_batching_window_in_seconds": 0,
            "maximum_record_age_in_seconds": 0,
            "maximum_retry_attempts": 0,
            "parallelization_factor": 0,
            "queues": [],
            "scaling_config": [],
            "self_managed_event_source": [],
            "self_managed_kafka_event_source_config": [],
            "source_access_configuration": [],
            "starting_position": "",
            "starting_position_timestamp": "",
            "state": "Enabled",
            "state_transition_reason": "USER_INITIATED",
            "topics": [],
            "tumbling_window_in_seconds": 0,
            "uuid": "797b995d-9519-4be8-b576-6003a9464b9a"
          },
          "sensitive_attributes": [],
          "private": "bnVsbA==",
          "dependencies": [
            "aws_cloudwatch_log_group.lambda_logs",
            "aws_db_instance.ledger_db",
            "aws_db_subnet_group.default",
            "aws_iam_policy.lambda_policy",
            "aws_iam_role.lambda_role",
            "aws_iam_role_policy_attachment.lambda_policy_attach",
            "aws_lambda_function.ledger_processor",
            "aws_security_group.db_sg",
            "aws_security_group.lambda_sg",
            "aws_sqs_queue.dlq",
            "aws_sqs_queue.ledger_queue",
            "aws_subnet.private",
            "aws_vpc.main",
            "data.aws_availability_zones.available"
          ]
        }
      ]
    },
    {
      "mode": "managed",
      "type": "aws_lambda_function",
      "name": "jwt_authorizer",
      "provider": "provider[\"registry.terraform.io/hashicorp/aws\"]",
      "instances": [
        {
          "schema_version": 0,
          "attributes": {
            "architectures": [
              "x86_64"
            ],
            "arn": "arn:aws:lambda:eu-north-1:356021292573:function:ledger-jwt-authorizer-dev",
            "code_signing_config_arn": "",
            "dead_letter_config": [],
            "description": "",
            "environment": [
              {
                "variables": {
                  "JWT_SECRET": "ledger-default-secret-key"
                }
              }
            ],
            "ephemeral_storage": [
              {
                "size": 512
              }
            ],
            "file_system_config": [],
            "filename": "jwt_auth_lambda.zip",
            "function_name": "ledger-jwt-authorizer-dev",
            "handler": "bootstrap",
            "id": "ledger-jwt-authorizer-dev",
            "image_config": [],
            "image_uri": "",
            "invoke_arn": "arn:aws:apigateway:eu-north-1:lambda:path/2015-03-31/functions/arn:aws:lambda:eu-north-1:356021292573:function:ledger-jwt-authorizer-dev/invocations",
            "kms_key_arn": "",
            "last_modified": "2025-03-19T17:09:18.000+0000",
            "layers": [],
            "memory_size": 128,
            "package_type": "Zip",
            "publish": false,
            "qualified_arn": "arn:aws:lambda:eu-north-1:356021292573:function:ledger-jwt-authorizer-dev:$LATEST",
            "qualified_invoke_arn": "arn:aws:apigateway:eu-north-1:lambda:path/2015-03-31/functions/arn:aws:lambda:eu-north-1:356021292573:function:ledger-jwt-authorizer-dev:$LATEST/invocations",
            "replace_security_groups_on_destroy": null,
            "replacement_security_group_ids": null,
            "reserved_concurrent_executions": -1,
            "role": "arn:aws:iam::356021292573:role/ledger-lambda-role-dev",
            "runtime": "provided.al2",
            "s3_bucket": null,
            "s3_key": null,
            "s3_object_version": null,
            "signing_job_arn": "",
            "signing_profile_version_arn": "",
            "skip_destroy": false,
            "snap_start": [],
            "source_code_hash": "yUPCcjMeWE4cMD8WkhAUhT9Ii2GrS2ePgWU3KfQrTT0=",
            "source_code_size": 5960477,
            "tags": {
              "Environment": "dev",
              "Name": "ledger-jwt-authorizer-dev"
            },
            "tags_all": {
              "Environment": "dev",
              "Name": "ledger-jwt-authorizer-dev"
            },
            "timeout": 10,
            "timeouts": null,
            "tracing_config": [
              {
                "mode": "PassThrough"
              }
            ],
            "version": "$LATEST",
            "vpc_config": []
          },
          "sensitive_attributes": [],
          "private": "eyJlMmJmYjczMC1lY2FhLTExZTYtOGY4OC0zNDM2M2JjN2M0YzAiOnsiY3JlYXRlIjo2MDAwMDAwMDAwMDAsImRlbGV0ZSI6NjAwMDAwMDAwMDAwLCJ1cGRhdGUiOjYwMDAwMDAwMDAwMH19",
          "dependencies": [
            "aws_iam_role.lambda_role"
          ]
        }
      ]
    },
    {
      "mode": "managed",
      "type": "aws_lambda_function",
      "name": "ledger_processor",
      "provider": "provider[\"registry.terraform.io/hashicorp/aws\"]",
      "instances": [
        {
          "schema_version": 0,
          "attributes": {
            "architectures": [
              "x86_64"
            ],
            "arn": "arn:aws:lambda:eu-north-1:356021292573:function:ledger-processor-dev",
            "code_signing_config_arn": "",
            "dead_letter_config": [],
            "description": "",
            "environment": [
              {
                "variables": {
                  "DB_HOST": "ledger-db-dev.c1eyowm2m5kd.eu-north-1.rds.amazonaws.com",
                  "DB_NAME": "ledgerdb",
                  "DB_PASSWORD": "LedgerPassword123",
                  "DB_PORT": "5432",
                  "DB_USER": "ledgeradmin",
                  "ENVIRONMENT": "dev",
                  "SQS_QUEUE_URL": "https://sqs.eu-north-1.amazonaws.com/356021292573/ledger-queue-dev"
                }
              }
            ],
            "ephemeral_storage": [
              {
                "size": 512
              }
            ],
            "file_system_config": [],
            "filename": "../lambda/deployment.zip",
            "function_name": "ledger-processor-dev",
            "handler": "bootstrap",
            "id": "ledger-processor-dev",
            "image_config": [],
            "image_uri": "",
            "invoke_arn": "arn:aws:apigateway:eu-north-1:lambda:path/2015-03-31/functions/arn:aws:lambda:eu-north-1:356021292573:function:ledger-processor-dev/invocations",
            "kms_key_arn": "",
            "last_modified": "2025-03-19T17:02:45.000+0000",
            "layers": [],
            "memory_size": 128,
            "package_type": "Zip",
            "publish": false,
            "qualified_arn": "arn:aws:lambda:eu-north-1:356021292573:function:ledger-processor-dev:$LATEST",
            "qualified_invoke_arn": "arn:aws:apigateway:eu-north-1:lambda:path/2015-03-31/functions/arn:aws:lambda:eu-north-1:356021292573:function:ledger-processor-dev:$LATEST/invocations",
            "replace_security_groups_on_destroy": null,
            "replacement_security_group_ids": null,
            "reserved_concurrent_executions": -1,
            "role": "arn:aws:iam::356021292573:role/ledger-lambda-role-dev",
            "runtime": "provided.al2",
            "s3_bucket": null,
            "s3_key": null,
            "s3_object_version": null,
            "signing_job_arn": "",
            "signing_profile_version_arn": "",
            "skip_destroy": false,
            "snap_start": [],
            "source_code_hash": "WN9RzrTju+YcxJI/sBgbXx9Fte6lDPqkYDn0nh97gfw=",
            "source_code_size": 6599126,
            "tags": {},
            "tags_all": {},
            "timeout": 30,
            "timeouts": null,
            "tracing_config": [
              {
                "mode": "PassThrough"
              }
            ],
            "version": "$LATEST",
            "vpc_config": [
              {
                "security_group_ids": [
                  "sg-0ca41190677eb691e"
                ],
                "subnet_ids": [
                  "subnet-00d8af7f0b7b4306d",
                  "subnet-0144ef7bf15a73e7d"
                ],
                "vpc_id": "vpc-0de0d8266cbc3ee6e"
              }
            ]
          },
          "sensitive_attributes": [
            [
              {
                "type": "get_attr",
                "value": "environment"
              },
              {
                "type": "index",
                "value": {
                  "value": 0,
                  "type": "number"
                }
              },
              {
                "type": "get_attr",
                "value": "variables"
              },
              {
                "type": "index",
                "value": {
                  "value": "DB_PASSWORD",
                  "type": "string"
                }
              }
            ]
          ],
          "private": "eyJlMmJmYjczMC1lY2FhLTExZTYtOGY4OC0zNDM2M2JjN2M0YzAiOnsiY3JlYXRlIjo2MDAwMDAwMDAwMDAsImRlbGV0ZSI6NjAwMDAwMDAwMDAwLCJ1cGRhdGUiOjYwMDAwMDAwMDAwMH19",
          "dependencies": [
            "aws_cloudwatch_log_group.lambda_logs",
            "aws_db_instance.ledger_db",
            "aws_db_subnet_group.default",
            "aws_iam_policy.lambda_policy",
            "aws_iam_role.lambda_role",
            "aws_iam_role_policy_attachment.lambda_policy_attach",
            "aws_security_group.db_sg",
            "aws_security_group.lambda_sg",
            "aws_sqs_queue.dlq",
            "aws_sqs_queue.ledger_queue",
            "aws_subnet.private",
            "aws_vpc.main",
            "data.aws_availability_zones.available"
          ],
          "create_before_destroy": true
        }
      ]
    },
    {
      "mode": "managed",
      "type": "aws_lambda_permission",
      "name": "api_gw_lambda",
      "provider": "provider[\"registry.terraform.io/hashicorp/aws\"]",
      "instances": [
        {
          "schema_version": 0,
          "attributes": {
            "action": "lambda:InvokeFunction",
            "event_source_token": null,
            "function_name": "ledger-processor-dev",
            "function_url_auth_type": null,
            "id": "AllowExecutionFromAPIGateway",
            "principal": "apigateway.amazonaws.com",
            "principal_org_id": null,
            "qualifier": "",
            "source_account": null,
            "source_arn": "arn:aws:execute-api:eu-north-1:356021292573:0pjr6fzik8/*/*",
            "statement_id": "AllowExecutionFromAPIGateway",
            "statement_id_prefix": ""
          },
          "sensitive_attributes": [],
          "private": "bnVsbA==",
          "dependencies": [
            "aws_api_gateway_rest_api.ledger_api",
            "aws_cloudwatch_log_group.lambda_logs",
            "aws_db_instance.ledger_db",
            "aws_db_subnet_group.default",
            "aws_iam_policy.lambda_policy",
            "aws_iam_role.lambda_role",
            "aws_iam_role_policy_attachment.lambda_policy_attach",
            "aws_lambda_function.ledger_processor",
            "aws_security_group.db_sg",
            "aws_security_group.lambda_sg",
            "aws_sqs_queue.dlq",
            "aws_sqs_queue.ledger_queue",
            "aws_subnet.private",
            "aws_vpc.main",
            "data.aws_availability_zones.available"
          ]
        }
      ]
    },
    {
      "mode": "managed",
      "type": "aws_route_table",
      "name": "private",
      "provider": "provider[\"registry.terraform.io/hashicorp/aws\"]",
      "instances": [
        {
          "schema_version": 0,
          "attributes": {
            "arn": "arn:aws:ec2:eu-north-1:356021292573:route-table/rtb-0a0b91832fdc1633f",
            "id": "rtb-0a0b91832fdc1633f",
            "owner_id": "356021292573",
            "propagating_vgws": [],
            "route": [
              {
                "carrier_gateway_id": "",
                "cidr_block": "0.0.0.0/0",
                "core_network_arn": "",
                "destination_prefix_list_id": "",
                "egress_only_gateway_id": "",
                "gateway_id": "igw-0559f99011b96d87b",
                "instance_id": "",
                "ipv6_cidr_block": "",
                "local_gateway_id": "",
                "nat_gateway_id": "",
                "network_interface_id": "",
                "transit_gateway_id": "",
                "vpc_endpoint_id": "",
                "vpc_peering_connection_id": ""
              }
            ],
            "tags": {
              "Environment": "dev",
              "Name": "ledger-private-route-dev"
            },
            "tags_all": {
              "Environment": "dev",
              "Name": "ledger-private-route-dev"
            },
            "timeouts": null,
            "vpc_id": "vpc-0de0d8266cbc3ee6e"
          },
          "sensitive_attributes": [],
          "private": "eyJlMmJmYjczMC1lY2FhLTExZTYtOGY4OC0zNDM2M2JjN2M0YzAiOnsiY3JlYXRlIjozMDAwMDAwMDAwMDAsImRlbGV0ZSI6MzAwMDAwMDAwMDAwLCJ1cGRhdGUiOjEyMDAwMDAwMDAwMH19",
          "dependencies": [
            "aws_internet_gateway.igw",
            "aws_vpc.main"
          ]
        }
      ]
    },
    {
      "mode": "managed",
      "type": "aws_route_table_association",
      "name": "private",
      "provider": "provider[\"registry.terraform.io/hashicorp/aws\"]",
      "instances": [
        {
          "index_key": 0,
          "schema_version": 0,
          "attributes": {
            "gateway_id": "",
            "id": "rtbassoc-060ea465d1609133a",
            "route_table_id": "rtb-0a0b91832fdc1633f",
            "subnet_id": "subnet-00d8af7f0b7b4306d",
            "timeouts": null
          },
          "sensitive_attributes": [],
          "private": "eyJlMmJmYjczMC1lY2FhLTExZTYtOGY4OC0zNDM2M2JjN2M0YzAiOnsiY3JlYXRlIjozMDAwMDAwMDAwMDAsImRlbGV0ZSI6MzAwMDAwMDAwMDAwLCJ1cGRhdGUiOjEyMDAwMDAwMDAwMH19",
          "dependencies": [
            "aws_internet_gateway.igw",
            "aws_route_table.private",
            "aws_subnet.private",
            "aws_vpc.main",
            "data.aws_availability_zones.available"
          ]
        },
        {
          "index_key": 1,
          "schema_version": 0,
          "attributes": {
            "gateway_id": "",
            "id": "rtbassoc-0cf575e946485a7cf",
            "route_table_id": "rtb-0a0b91832fdc1633f",
            "subnet_id": "subnet-0144ef7bf15a73e7d",
            "timeouts": null
          },
          "sensitive_attributes": [],
          "private": "eyJlMmJmYjczMC1lY2FhLTExZTYtOGY4OC0zNDM2M2JjN2M0YzAiOnsiY3JlYXRlIjozMDAwMDAwMDAwMDAsImRlbGV0ZSI6MzAwMDAwMDAwMDAwLCJ1cGRhdGUiOjEyMDAwMDAwMDAwMH19",
          "dependencies": [
            "aws_internet_gateway.igw",
            "aws_route_table.private",
            "aws_subnet.private",
            "aws_vpc.main",
            "data.aws_availability_zones.available"
          ]
        }
      ]
    },
    {
      "mode": "managed",
      "type": "aws_security_group",
      "name": "db_sg",
      "provider": "provider[\"registry.terraform.io/hashicorp/aws\"]",
      "instances": [
        {
          "schema_version": 1,
          "attributes": {
            "arn": "arn:aws:ec2:eu-north-1:356021292573:security-group/sg-0e7d8473c96de8d4f",
            "description": "Security group for RDS",
            "egress": [
              {
                "cidr_blocks": [
                  "0.0.0.0/0"
                ],
                "description": "",
                "from_port": 0,
                "ipv6_cidr_blocks": [],
                "prefix_list_ids": [],
                "protocol": "-1",
                "security_groups": [],
                "self": false,
                "to_port": 0
              }
            ],
            "id": "sg-0e7d8473c96de8d4f",
            "ingress": [
              {
                "cidr_blocks": [
                  "10.0.0.0/16"
                ],
                "description": "",
                "from_port": 5432,
                "ipv6_cidr_blocks": [],
                "prefix_list_ids": [],
                "protocol": "tcp",
                "security_groups": [],
                "self": false,
                "to_port": 5432
              }
            ],
            "name": "ledger-db-sg-dev",
            "name_prefix": "",
            "owner_id": "356021292573",
            "revoke_rules_on_delete": false,
            "tags": {
              "Environment": "dev",
              "Name": "ledger-db-sg-dev"
            },
            "tags_all": {
              "Environment": "dev",
              "Name": "ledger-db-sg-dev"
            },
            "timeouts": null,
            "vpc_id": "vpc-0de0d8266cbc3ee6e"
          },
          "sensitive_attributes": [],
          "private": "eyJlMmJmYjczMC1lY2FhLTExZTYtOGY4OC0zNDM2M2JjN2M0YzAiOnsiY3JlYXRlIjo2MDAwMDAwMDAwMDAsImRlbGV0ZSI6OTAwMDAwMDAwMDAwfSwic2NoZW1hX3ZlcnNpb24iOiIxIn0=",
          "dependencies": [
            "aws_vpc.main"
          ],
          "create_before_destroy": true
        }
      ]
    },
    {
      "mode": "managed",
      "type": "aws_security_group",
      "name": "lambda_sg",
      "provider": "provider[\"registry.terraform.io/hashicorp/aws\"]",
      "instances": [
        {
          "schema_version": 1,
          "attributes": {
            "arn": "arn:aws:ec2:eu-north-1:356021292573:security-group/sg-0ca41190677eb691e",
            "description": "Security group for Lambda to connect to RDS",
            "egress": [
              {
                "cidr_blocks": [
                  "0.0.0.0/0"
                ],
                "description": "",
                "from_port": 0,
                "ipv6_cidr_blocks": [],
                "prefix_list_ids": [],
                "protocol": "-1",
                "security_groups": [],
                "self": false,
                "to_port": 0
              }
            ],
            "id": "sg-0ca41190677eb691e",
            "ingress": [
              {
                "cidr_blocks": [],
                "description": "",
                "from_port": 5432,
                "ipv6_cidr_blocks": [],
                "prefix_list_ids": [],
                "protocol": "tcp",
                "security_groups": [
                  "sg-0e7d8473c96de8d4f"
                ],
                "self": false,
                "to_port": 5432
              }
            ],
            "name": "ledger-lambda-sg-dev",
            "name_prefix": "",
            "owner_id": "356021292573",
            "revoke_rules_on_delete": false,
            "tags": {
              "Environment": "dev",
              "Name": "ledger-lambda-sg-dev"
            },
            "tags_all": {
              "Environment": "dev",
              "Name": "ledger-lambda-sg-dev"
            },
            "timeouts": null,
            "vpc_id": "vpc-0de0d8266cbc3ee6e"
          },
          "sensitive_attributes": [],
          "private": "eyJlMmJmYjczMC1lY2FhLTExZTYtOGY4OC0zNDM2M2JjN2M0YzAiOnsiY3JlYXRlIjo2MDAwMDAwMDAwMDAsImRlbGV0ZSI6OTAwMDAwMDAwMDAwfSwic2NoZW1hX3ZlcnNpb24iOiIxIn0=",
          "dependencies": [
            "aws_vpc.main"
          ],
          "create_before_destroy": true
        }
      ]
    },
    {
      "mode": "managed",
      "type": "aws_sqs_queue",
      "name": "dlq",
      "provider": "provider[\"registry.terraform.io/hashicorp/aws\"]",
      "instances": [
        {
          "schema_version": 0,
          "attributes": {
            "arn": "arn:aws:sqs:eu-north-1:356021292573:ledger-dlq-dev",
            "content_based_deduplication": false,
            "deduplication_scope": "",
            "delay_seconds": 0,
            "fifo_queue": false,
            "fifo_throughput_limit": "",
            "id": "https://sqs.eu-north-1.amazonaws.com/356021292573/ledger-dlq-dev",
            "kms_data_key_reuse_period_seconds": 300,
            "kms_master_key_id": "",
            "max_message_size": 262144,
            "message_retention_seconds": 604800,
            "name": "ledger-dlq-dev",
            "name_prefix": "",
            "policy": "",
            "receive_wait_time_seconds": 10,
            "redrive_allow_policy": "",
            "redrive_policy": "",
            "sqs_managed_sse_enabled": true,
            "tags": {
              "Environment": "dev",
              "Name": "ledger-dlq-dev"
            },
            "tags_all": {
              "Environment": "dev",
              "Name": "ledger-dlq-dev"
            },
            "url": "https://sqs.eu-north-1.amazonaws.com/356021292573/ledger-dlq-dev",
            "visibility_timeout_seconds": 60
          },
          "sensitive_attributes": [],
          "private": "bnVsbA==",
          "create_before_destroy": true
        }
      ]
    },
    {
      "mode": "managed",
      "type": "aws_sqs_queue",
      "name": "ledger_queue",
      "provider": "provider[\"registry.terraform.io/hashicorp/aws\"]",
      "instances": [
        {
          "schema_version": 0,
          "attributes": {
            "arn": "arn:aws:sqs:eu-north-1:356021292573:ledger-queue-dev",
            "content_based_deduplication": false,
            "deduplication_scope": "",
            "delay_seconds": 0,
            "fifo_queue": false,
            "fifo_throughput_limit": "",
            "id": "https://sqs.eu-north-1.amazonaws.com/356021292573/ledger-queue-dev",
            "kms_data_key_reuse_period_seconds": 300,
            "kms_master_key_id": "",
            "max_message_size": 262144,
            "message_retention_seconds": 345600,
            "name": "ledger-queue-dev",
            "name_prefix": "",
            "policy": "",
            "receive_wait_time_seconds": 10,
            "redrive_allow_policy": "",
            "redrive_policy": "{\"deadLetterTargetArn\":\"arn:aws:sqs:eu-north-1:356021292573:ledger-dlq-dev\",\"maxReceiveCount\":3}",
            "sqs_managed_sse_enabled": true,
            "tags": {
              "Environment": "dev",
              "Name": "ledger-queue-dev"
            },
            "tags_all": {
              "Environment": "dev",
              "Name": "ledger-queue-dev"
            },
            "url": "https://sqs.eu-north-1.amazonaws.com/356021292573/ledger-queue-dev",
            "visibility_timeout_seconds": 60
          },
          "sensitive_attributes": [],
          "private": "bnVsbA==",
          "dependencies": [
            "aws_sqs_queue.dlq"
          ],
          "create_before_destroy": true
        }
      ]
    },
    {
      "mode": "managed",
      "type": "aws_subnet",
      "name": "private",
      "provider": "provider[\"registry.terraform.io/hashicorp/aws\"]",
      "instances": [
        {
          "index_key": 0,
          "schema_version": 1,
          "attributes": {
            "arn": "arn:aws:ec2:eu-north-1:356021292573:subnet/subnet-00d8af7f0b7b4306d",
            "assign_ipv6_address_on_creation": false,
            "availability_zone": "eu-north-1a",
            "availability_zone_id": "eun1-az1",
            "cidr_block": "10.0.0.0/24",
            "customer_owned_ipv4_pool": "",
            "enable_dns64": false,
            "enable_lni_at_device_index": 0,
            "enable_resource_name_dns_a_record_on_launch": false,
            "enable_resource_name_dns_aaaa_record_on_launch": false,
            "id": "subnet-00d8af7f0b7b4306d",
            "ipv6_cidr_block": "",
            "ipv6_cidr_block_association_id": "",
            "ipv6_native": false,
            "map_customer_owned_ip_on_launch": false,
            "map_public_ip_on_launch": false,
            "outpost_arn": "",
            "owner_id": "356021292573",
            "private_dns_hostname_type_on_launch": "ip-name",
            "tags": {
              "Environment": "dev",
              "Name": "ledger-private-subnet-0-dev"
            },
            "tags_all": {
              "Environment": "dev",
              "Name": "ledger-private-subnet-0-dev"
            },
            "timeouts": null,
            "vpc_id": "vpc-0de0d8266cbc3ee6e"
          },
          "sensitive_attributes": [],
          "private": "eyJlMmJmYjczMC1lY2FhLTExZTYtOGY4OC0zNDM2M2JjN2M0YzAiOnsiY3JlYXRlIjo2MDAwMDAwMDAwMDAsImRlbGV0ZSI6MTIwMDAwMDAwMDAwMH0sInNjaGVtYV92ZXJzaW9uIjoiMSJ9",
          "dependencies": [
            "aws_vpc.main",
            "data.aws_availability_zones.available"
          ],
          "create_before_destroy": true
        },
        {
          "index_key": 1,
          "schema_version": 1,
          "attributes": {
            "arn": "arn:aws:ec2:eu-north-1:356021292573:subnet/subnet-0144ef7bf15a73e7d",
            "assign_ipv6_address_on_creation": false,
            "availability_zone": "eu-north-1b",
            "availability_zone_id": "eun1-az2",
            "cidr_block": "10.0.1.0/24",
            "customer_owned_ipv4_pool": "",
            "enable_dns64": false,
            "enable_lni_at_device_index": 0,
            "enable_resource_name_dns_a_record_on_launch": false,
            "enable_resource_name_dns_aaaa_record_on_launch": false,
            "id": "subnet-0144ef7bf15a73e7d",
            "ipv6_cidr_block": "",
            "ipv6_cidr_block_association_id": "",
            "ipv6_native": false,
            "map_customer_owned_ip_on_launch": false,
            "map_public_ip_on_launch": false,
            "outpost_arn": "",
            "owner_id": "356021292573",
            "private_dns_hostname_type_on_launch": "ip-name",
            "tags": {
              "Environment": "dev",
              "Name": "ledger-private-subnet-1-dev"
            },
            "tags_all": {
              "Environment": "dev",
              "Name": "ledger-private-subnet-1-dev"
            },
            "timeouts": null,
            "vpc_id": "vpc-0de0d8266cbc3ee6e"
          },
          "sensitive_attributes": [],
          "private": "eyJlMmJmYjczMC1lY2FhLTExZTYtOGY4OC0zNDM2M2JjN2M0YzAiOnsiY3JlYXRlIjo2MDAwMDAwMDAwMDAsImRlbGV0ZSI6MTIwMDAwMDAwMDAwMH0sInNjaGVtYV92ZXJzaW9uIjoiMSJ9",
          "dependencies": [
            "aws_vpc.main",
            "data.aws_availability_zones.available"
          ],
          "create_before_destroy": true
        }
      ]
    },
    {
      "mode": "managed",
      "type": "aws_vpc",
      "name": "main",
      "provider": "provider[\"registry.terraform.io/hashicorp/aws\"]",
      "instances": [
        {
          "schema_version": 1,
          "attributes": {
            "arn": "arn:aws:ec2:eu-north-1:356021292573:vpc/vpc-0de0d8266cbc3ee6e",
            "assign_generated_ipv6_cidr_block": false,
            "cidr_block": "10.0.0.0/16",
            "default_network_acl_id": "acl-0af04a2b2a1d2bd32",
            "default_route_table_id": "rtb-0bc46c33d1ecd1f80",
            "default_security_group_id": "sg-06c15c42db65c31aa",
            "dhcp_options_id": "dopt-05b9e81bef79be551",
            "enable_classiclink": false,
            "enable_classiclink_dns_support": false,
            "enable_dns_hostnames": true,
            "enable_dns_support": true,
            "enable_network_address_usage_metrics": false,
            "id": "vpc-0de0d8266cbc3ee6e",
            "instance_tenancy": "default",
            "ipv4_ipam_pool_id": null,
            "ipv4_netmask_length": null,
            "ipv6_association_id": "",
            "ipv6_cidr_block": "",
            "ipv6_cidr_block_network_border_group": "",
            "ipv6_ipam_pool_id": "",
            "ipv6_netmask_length": 0,
            "main_route_table_id": "rtb-0bc46c33d1ecd1f80",
            "owner_id": "356021292573",
            "tags": {
              "Environment": "dev",
              "Name": "ledger-vpc-dev"
            },
            "tags_all": {
              "Environment": "dev",
              "Name": "ledger-vpc-dev"
            }
          },
          "sensitive_attributes": [],
          "private": "eyJzY2hlbWFfdmVyc2lvbiI6IjEifQ==",
          "create_before_destroy": true
        }
      ]
    }
  ],
  "check_results": null
}
